
Microsoft Visual Studio Solution File, Format Version 12.00
# Visual Studio Version 17
VisualStudioVersion = 17.7.34221.43
MinimumVisualStudioVersion = 10.0.40219.1
Project("{9A19103F-16F7-4668-BE54-9A1E7A4F7556}") = "JWTAuthLesson", "JWTAuthLesson\JWTAuthLesson.csproj", "{2380970D-4176-4E0D-9A17-98BCBC3CE580}"
EndProject
Global
	GlobalSection(SolutionConfigurationPlatforms) = preSolution
		Debug|Any CPU = Debug|Any CPU
		Release|Any CPU = Release|Any CPU
	EndGlobalSection
	GlobalSection(ProjectConfigurationPlatforms) = postSolution
		{2380970D-4176-4E0D-9A17-98BCBC3CE580}.Debug|Any CPU.ActiveCfg = Debug|Any CPU
		{2380970D-4176-4E0D-9A17-98BCBC3CE580}.Debug|Any CPU.Build.0 = Debug|Any CPU
		{2380970D-4176-4E0D-9A17-98BCBC3CE580}.Release|Any CPU.ActiveCfg = Release|Any CPU
		{2380970D-4176-4E0D-9A17-98BCBC3CE580}.Release|Any CPU.Build.0 = Release|Any CPU
	EndGlobalSection
	GlobalSection(SolutionProperties) = preSolution
		HideSolutionNode = FALSE
	EndGlobalSection
	GlobalSection(ExtensibilityGlobals) = postSolution
		SolutionGuid = {C22D5D30-333D-4350-A4A2-C4781F16458F}
	EndGlobalSection
EndGlobal
